
Microsoft Visual Studio Solution File, Format Version 12.00
# Visual Studio Version 17
VisualStudioVersion = 17.14.36623.8
MinimumVisualStudioVersion = 10.0.40219.1
Project("{FAE04EC0-301F-11D3-BF4B-00C04F79EFBC}") = "LayoutParserDecrypt", "LayoutParserDecrypt.csproj", "{2A18F0EE-924D-404B-86B6-E3CEC6DABC6D}"
EndProject
Project("{2150E333-8FDC-42A3-9474-1A3956D46DE8}") = "tests", "tests", "{0AB3BF05-4346-4AA6-1389-037BE0695223}"
EndProject
Project("{FAE04EC0-301F-11D3-BF4B-00C04F79EFBC}") = "LayoutParserDecrypt.Tests", "tests\LayoutParserDecrypt.Tests\LayoutParserDecrypt.Tests.csproj", "{8B271445-E7F4-47AC-AA48-63C94445D5C1}"
EndProject
Global
	GlobalSection(SolutionConfigurationPlatforms) = preSolution
		Debug|Any CPU = Debug|Any CPU
		Debug|x64 = Debug|x64
		Debug|x86 = Debug|x86
		Release|Any CPU = Release|Any CPU
		Release|x64 = Release|x64
		Release|x86 = Release|x86
	EndGlobalSection
	GlobalSection(ProjectConfigurationPlatforms) = postSolution
		{2A18F0EE-924D-404B-86B6-E3CEC6DABC6D}.Debug|Any CPU.ActiveCfg = Debug|Any CPU
		{2A18F0EE-924D-404B-86B6-E3CEC6DABC6D}.Debug|Any CPU.Build.0 = Debug|Any CPU
		{2A18F0EE-924D-404B-86B6-E3CEC6DABC6D}.Debug|x64.ActiveCfg = Debug|Any CPU
		{2A18F0EE-924D-404B-86B6-E3CEC6DABC6D}.Debug|x64.Build.0 = Debug|Any CPU
		{2A18F0EE-924D-404B-86B6-E3CEC6DABC6D}.Debug|x86.ActiveCfg = Debug|Any CPU
		{2A18F0EE-924D-404B-86B6-E3CEC6DABC6D}.Debug|x86.Build.0 = Debug|Any CPU
		{2A18F0EE-924D-404B-86B6-E3CEC6DABC6D}.Release|Any CPU.ActiveCfg = Release|Any CPU
		{2A18F0EE-924D-404B-86B6-E3CEC6DABC6D}.Release|Any CPU.Build.0 = Release|Any CPU
		{2A18F0EE-924D-404B-86B6-E3CEC6DABC6D}.Release|x64.ActiveCfg = Release|Any CPU
		{2A18F0EE-924D-404B-86B6-E3CEC6DABC6D}.Release|x64.Build.0 = Release|Any CPU
		{2A18F0EE-924D-404B-86B6-E3CEC6DABC6D}.Release|x86.ActiveCfg = Release|Any CPU
		{2A18F0EE-924D-404B-86B6-E3CEC6DABC6D}.Release|x86.Build.0 = Release|Any CPU
		{8B271445-E7F4-47AC-AA48-63C94445D5C1}.Debug|Any CPU.ActiveCfg = Debug|Any CPU
		{8B271445-E7F4-47AC-AA48-63C94445D5C1}.Debug|Any CPU.Build.0 = Debug|Any CPU
		{8B271445-E7F4-47AC-AA48-63C94445D5C1}.Debug|x64.ActiveCfg = Debug|Any CPU
		{8B271445-E7F4-47AC-AA48-63C94445D5C1}.Debug|x64.Build.0 = Debug|Any CPU
		{8B271445-E7F4-47AC-AA48-63C94445D5C1}.Debug|x86.ActiveCfg = Debug|Any CPU
		{8B271445-E7F4-47AC-AA48-63C94445D5C1}.Debug|x86.Build.0 = Debug|Any CPU
		{8B271445-E7F4-47AC-AA48-63C94445D5C1}.Release|Any CPU.ActiveCfg = Release|Any CPU
		{8B271445-E7F4-47AC-AA48-63C94445D5C1}.Release|Any CPU.Build.0 = Release|Any CPU
		{8B271445-E7F4-47AC-AA48-63C94445D5C1}.Release|x64.ActiveCfg = Release|Any CPU
		{8B271445-E7F4-47AC-AA48-63C94445D5C1}.Release|x64.Build.0 = Release|Any CPU
		{8B271445-E7F4-47AC-AA48-63C94445D5C1}.Release|x86.ActiveCfg = Release|Any CPU
		{8B271445-E7F4-47AC-AA48-63C94445D5C1}.Release|x86.Build.0 = Release|Any CPU
	EndGlobalSection
	GlobalSection(SolutionProperties) = preSolution
		HideSolutionNode = FALSE
	EndGlobalSection
	GlobalSection(NestedProjects) = preSolution
		{8B271445-E7F4-47AC-AA48-63C94445D5C1} = {0AB3BF05-4346-4AA6-1389-037BE0695223}
	EndGlobalSection
	GlobalSection(ExtensibilityGlobals) = postSolution
		SolutionGuid = {03908129-60BE-4842-AE7D-40E51B407EF4}
	EndGlobalSection
EndGlobal
